
Microsoft Visual Studio Solution File, Format Version 12.00
# Visual Studio 15
VisualStudioVersion = 15.0.27428.2043
MinimumVisualStudioVersion = 10.0.40219.1
Project("{FAE04EC0-301F-11D3-BF4B-00C04F79EFBC}") = "Eponuda", "Eponuda\Eponuda.csproj", "{E6FCBC9F-3C99-4362-B7E0-DD721D51F805}"
EndProject
Global
	GlobalSection(SolutionConfigurationPlatforms) = preSolution
		Debug|Any CPU = Debug|Any CPU
		Release|Any CPU = Release|Any CPU
	EndGlobalSection
	GlobalSection(ProjectConfigurationPlatforms) = postSolution
		{E6FCBC9F-3C99-4362-B7E0-DD721D51F805}.Debug|Any CPU.ActiveCfg = Debug|Any CPU
		{E6FCBC9F-3C99-4362-B7E0-DD721D51F805}.Debug|Any CPU.Build.0 = Debug|Any CPU
		{E6FCBC9F-3C99-4362-B7E0-DD721D51F805}.Release|Any CPU.ActiveCfg = Release|Any CPU
		{E6FCBC9F-3C99-4362-B7E0-DD721D51F805}.Release|Any CPU.Build.0 = Release|Any CPU
	EndGlobalSection
	GlobalSection(SolutionProperties) = preSolution
		HideSolutionNode = FALSE
	EndGlobalSection
	GlobalSection(ExtensibilityGlobals) = postSolution
		SolutionGuid = {0E3EE6AC-3A29-4CB1-80D3-65A5BF08A058}
	EndGlobalSection
EndGlobal
